
Microsoft Visual Studio Solution File, Format Version 12.00
# Visual Studio Version 16
VisualStudioVersion = 16.0.30804.86
MinimumVisualStudioVersion = 10.0.40219.1
Project("{F184B08F-C81C-45F6-A57F-5ABD9991F28F}") = "201800484_COBROLUZ", "201800484_COBROLUZ\201800484_COBROLUZ.vbproj", "{166729C0-2EDC-4B3C-BBE9-761B95544F54}"
EndProject
Global
	GlobalSection(SolutionConfigurationPlatforms) = preSolution
		Debug|Any CPU = Debug|Any CPU
		Release|Any CPU = Release|Any CPU
	EndGlobalSection
	GlobalSection(ProjectConfigurationPlatforms) = postSolution
		{166729C0-2EDC-4B3C-BBE9-761B95544F54}.Debug|Any CPU.ActiveCfg = Debug|Any CPU
		{166729C0-2EDC-4B3C-BBE9-761B95544F54}.Debug|Any CPU.Build.0 = Debug|Any CPU
		{166729C0-2EDC-4B3C-BBE9-761B95544F54}.Release|Any CPU.ActiveCfg = Release|Any CPU
		{166729C0-2EDC-4B3C-BBE9-761B95544F54}.Release|Any CPU.Build.0 = Release|Any CPU
	EndGlobalSection
	GlobalSection(SolutionProperties) = preSolution
		HideSolutionNode = FALSE
	EndGlobalSection
	GlobalSection(ExtensibilityGlobals) = postSolution
		SolutionGuid = {657C7BCD-2DF3-4F69-903A-770DBBE0AA2F}
	EndGlobalSection
EndGlobal
